
Microsoft Visual Studio Solution File, Format Version 12.00
# Visual Studio Version 17
VisualStudioVersion = 17.10.35013.160
MinimumVisualStudioVersion = 10.0.40219.1
Project("{FAE04EC0-301F-11D3-BF4B-00C04F79EFBC}") = "Actual Topic 4 Assignment", "Actual Topic 4 Assignment\Actual Topic 4 Assignment.csproj", "{5E39CB96-F289-492E-B2C4-F207E141FA10}"
EndProject
Global
	GlobalSection(SolutionConfigurationPlatforms) = preSolution
		Debug|Any CPU = Debug|Any CPU
		Release|Any CPU = Release|Any CPU
	EndGlobalSection
	GlobalSection(ProjectConfigurationPlatforms) = postSolution
		{5E39CB96-F289-492E-B2C4-F207E141FA10}.Debug|Any CPU.ActiveCfg = Debug|Any CPU
		{5E39CB96-F289-492E-B2C4-F207E141FA10}.Debug|Any CPU.Build.0 = Debug|Any CPU
		{5E39CB96-F289-492E-B2C4-F207E141FA10}.Release|Any CPU.ActiveCfg = Release|Any CPU
		{5E39CB96-F289-492E-B2C4-F207E141FA10}.Release|Any CPU.Build.0 = Release|Any CPU
	EndGlobalSection
	GlobalSection(SolutionProperties) = preSolution
		HideSolutionNode = FALSE
	EndGlobalSection
	GlobalSection(ExtensibilityGlobals) = postSolution
		SolutionGuid = {7C9626E9-950C-4443-8443-8441F9084FE3}
	EndGlobalSection
EndGlobal
